
Microsoft Visual Studio Solution File, Format Version 12.00
# Visual Studio 15
VisualStudioVersion = 15.0.28307.421
MinimumVisualStudioVersion = 10.0.40219.1
Project("{FAE04EC0-301F-11D3-BF4B-00C04F79EFBC}") = "Калькулятор", "Калькулятор\Калькулятор.csproj", "{410F048A-6636-4126-A124-E56D478BC810}"
EndProject
Global
	GlobalSection(SolutionConfigurationPlatforms) = preSolution
		Debug|Any CPU = Debug|Any CPU
		Release|Any CPU = Release|Any CPU
	EndGlobalSection
	GlobalSection(ProjectConfigurationPlatforms) = postSolution
		{410F048A-6636-4126-A124-E56D478BC810}.Debug|Any CPU.ActiveCfg = Debug|Any CPU
		{410F048A-6636-4126-A124-E56D478BC810}.Debug|Any CPU.Build.0 = Debug|Any CPU
		{410F048A-6636-4126-A124-E56D478BC810}.Release|Any CPU.ActiveCfg = Release|Any CPU
		{410F048A-6636-4126-A124-E56D478BC810}.Release|Any CPU.Build.0 = Release|Any CPU
	EndGlobalSection
	GlobalSection(SolutionProperties) = preSolution
		HideSolutionNode = FALSE
	EndGlobalSection
	GlobalSection(ExtensibilityGlobals) = postSolution
		SolutionGuid = {736E15E4-230B-47EA-BFE0-E6A4EAFA11BA}
	EndGlobalSection
EndGlobal
